// !$*UTF8*$!
{
	archiveVersion = 1;
	classes = {
	};
	objectVersion = 46;
	objects = {

/* Begin PBXBuildFile section */
		FD4658FC1A2E32A100CB9D77 /* AppDelegate.swift in Sources */ = {isa = PBXBuildFile; fileRef = FD4658FB1A2E32A100CB9D77 /* AppDelegate.swift */; };
		FD4658FE1A2E32A100CB9D77 /* ViewController.swift in Sources */ = {isa = PBXBuildFile; fileRef = FD4658FD1A2E32A100CB9D77 /* ViewController.swift */; };
		FD4659011A2E32A100CB9D77 /* Main.storyboard in Resources */ = {isa = PBXBuildFile; fileRef = FD4658FF1A2E32A100CB9D77 /* Main.storyboard */; };
		FD4659031A2E32A100CB9D77 /* Images.xcassets in Resources */ = {isa = PBXBuildFile; fileRef = FD4659021A2E32A100CB9D77 /* Images.xcassets */; };
		FD4659061A2E32A100CB9D77 /* LaunchScreen.xib in Resources */ = {isa = PBXBuildFile; fileRef = FD4659041A2E32A100CB9D77 /* LaunchScreen.xib */; };
		FD4659121A2E32A100CB9D77 /* swift_modal_segue_basicTests.swift in Sources */ = {isa = PBXBuildFile; fileRef = FD4659111A2E32A100CB9D77 /* swift_modal_segue_basicTests.swift */; };
		FD46591C1A2E392900CB9D77 /* SegueViewController.swift in Sources */ = {isa = PBXBuildFile; fileRef = FD46591B1A2E392900CB9D77 /* SegueViewController.swift */; };
/* End PBXBuildFile section */

/* Begin PBXContainerItemProxy section */
		FD46590C1A2E32A100CB9D77 /* PBXContainerItemProxy */ = {
			isa = PBXContainerItemProxy;
			containerPortal = FD4658EE1A2E32A100CB9D77 /* Project object */;
			proxyType = 1;
			remoteGlobalIDString = FD4658F51A2E32A100CB9D77;
			remoteInfo = swift_modal_segue_basic;
		};
/* End PBXContainerItemProxy section */

/* Begin PBXFileReference section */
		FD4658F61A2E32A100CB9D77 /* swift_modal_segue_basic.app */ = {isa = PBXFileReference; explicitFileType = wrapper.application; includeInIndex = 0; path = swift_modal_segue_basic.app; sourceTree = BUILT_PRODUCTS_DIR; };
		FD4658FA1A2E32A100CB9D77 /* Info.plist */ = {isa = PBXFileReference; lastKnownFileType = text.plist.xml; path = Info.plist; sourceTree = "<group>"; };
		FD4658FB1A2E32A100CB9D77 /* AppDelegate.swift */ = {isa = PBXFileReference; lastKnownFileType = sourcecode.swift; path = AppDelegate.swift; sourceTree = "<group>"; };
		FD4658FD1A2E32A100CB9D77 /* ViewController.swift */ = {isa = PBXFileReference; lastKnownFileType = sourcecode.swift; path = ViewController.swift; sourceTree = "<group>"; };
		FD4659001A2E32A100CB9D77 /* Base */ = {isa = PBXFileReference; lastKnownFileType = file.storyboard; name = Base; path = Base.lproj/Main.storyboard; sourceTree = "<group>"; };
		FD4659021A2E32A100CB9D77 /* Images.xcassets */ = {isa = PBXFileReference; lastKnownFileType = folder.assetcatalog; path = Images.xcassets; sourceTree = "<group>"; };
		FD4659051A2E32A100CB9D77 /* Base */ = {isa = PBXFileReference; lastKnownFileType = file.xib; name = Base; path = Base.lproj/LaunchScreen.xib; sourceTree = "<group>"; };
		FD46590B1A2E32A100CB9D77 /* swift_modal_segue_basicTests.xctest */ = {isa = PBXFileReference; explicitFileType = wrapper.cfbundle; includeInIndex = 0; path = swift_modal_segue_basicTests.xctest; sourceTree = BUILT_PRODUCTS_DIR; };
		FD4659101A2E32A100CB9D77 /* Info.plist */ = {isa = PBXFileReference; lastKnownFileType = text.plist.xml; path = Info.plist; sourceTree = "<group>"; };
		FD4659111A2E32A100CB9D77 /* swift_modal_segue_basicTests.swift */ = {isa = PBXFileReference; lastKnownFileType = sourcecode.swift; path = swift_modal_segue_basicTests.swift; sourceTree = "<group>"; };
		FD46591B1A2E392900CB9D77 /* SegueViewController.swift */ = {isa = PBXFileReference; fileEncoding = 4; lastKnownFileType = sourcecode.swift; path = SegueViewController.swift; sourceTree = "<group>"; };
/* End PBXFileReference section */

/* Begin PBXFrameworksBuildPhase section */
		FD4658F31A2E32A100CB9D77 /* Frameworks */ = {
			isa = PBXFrameworksBuildPhase;
			buildActionMask = 2147483647;
			files = (
			);
			runOnlyForDeploymentPostprocessing = 0;
		};
		FD4659081A2E32A100CB9D77 /* Frameworks */ = {
			isa = PBXFrameworksBuildPhase;
			buildActionMask = 2147483647;
			files = (
			);
			runOnlyForDeploymentPostprocessing = 0;
		};
/* End PBXFrameworksBuildPhase section */

/* Begin PBXGroup section */
		FD4658ED1A2E32A100CB9D77 = {
			isa = PBXGroup;
			children = (
				FD4658F81A2E32A100CB9D77 /* swift_modal_segue_basic */,
				FD46590E1A2E32A100CB9D77 /* swift_modal_segue_basicTests */,
				FD4658F71A2E32A100CB9D77 /* Products */,
			);
			sourceTree = "<group>";
		};
		FD4658F71A2E32A100CB9D77 /* Products */ = {
			isa = PBXGroup;
			children = (
				FD4658F61A2E32A100CB9D77 /* swift_modal_segue_basic.app */,
				FD46590B1A2E32A100CB9D77 /* swift_modal_segue_basicTests.xctest */,
			);
			name = Products;
			sourceTree = "<group>";
		};
		FD4658F81A2E32A100CB9D77 /* swift_modal_segue_basic */ = {
			isa = PBXGroup;
			children = (
				FD4658FB1A2E32A100CB9D77 /* AppDelegate.swift */,
				FD4658FD1A2E32A100CB9D77 /* ViewController.swift */,
				FD4658FF1A2E32A100CB9D77 /* Main.storyboard */,
				FD46591B1A2E392900CB9D77 /* SegueViewController.swift */,
				FD4659021A2E32A100CB9D77 /* Images.xcassets */,
				FD4659041A2E32A100CB9D77 /* LaunchScreen.xib */,
				FD4658F91A2E32A100CB9D77 /* Supporting Files */,
			);
			path = swift_modal_segue_basic;
			sourceTree = "<group>";
		};
		FD4658F91A2E32A100CB9D77 /* Supporting Files */ = {
			isa = PBXGroup;
			children = (
				FD4658FA1A2E32A100CB9D77 /* Info.plist */,
			);
			name = "Supporting Files";
			sourceTree = "<group>";
		};
		FD46590E1A2E32A100CB9D77 /* swift_modal_segue_basicTests */ = {
			isa = PBXGroup;
			children = (
				FD4659111A2E32A100CB9D77 /* swift_modal_segue_basicTests.swift */,
				FD46590F1A2E32A100CB9D77 /* Supporting Files */,
			);
			path = swift_modal_segue_basicTests;
			sourceTree = "<group>";
		};
		FD46590F1A2E32A100CB9D77 /* Supporting Files */ = {
			isa = PBXGroup;
			children = (
				FD4659101A2E32A100CB9D77 /* Info.plist */,
			);
			name = "Supporting Files";
			sourceTree = "<group>";
		};
/* End PBXGroup section */

/* Begin PBXNativeTarget section */
		FD4658F51A2E32A100CB9D77 /* swift_modal_segue_basic */ = {
			isa = PBXNativeTarget;
			buildConfigurationList = FD4659151A2E32A100CB9D77 /* Build configuration list for PBXNativeTarget "swift_modal_segue_basic" */;
			buildPhases = (
				FD4658F21A2E32A100CB9D77 /* Sources */,
				FD4658F31A2E32A100CB9D77 /* Frameworks */,
				FD4658F41A2E32A100CB9D77 /* Resources */,
			);
			buildRules = (
			);
			dependencies = (
			);
			name = swift_modal_segue_basic;
			productName = swift_modal_segue_basic;
			productReference = FD4658F61A2E32A100CB9D77 /* swift_modal_segue_basic.app */;
			productType = "com.apple.product-type.application";
		};
		FD46590A1A2E32A100CB9D77 /* swift_modal_segue_basicTests */ = {
			isa = PBXNativeTarget;
			buildConfigurationList = FD4659181A2E32A100CB9D77 /* Build configuration list for PBXNativeTarget "swift_modal_segue_basicTests" */;
			buildPhases = (
				FD4659071A2E32A100CB9D77 /* Sources */,
				FD4659081A2E32A100CB9D77 /* Frameworks */,
				FD4659091A2E32A100CB9D77 /* Resources */,
			);
			buildRules = (
			);
			dependencies = (
				FD46590D1A2E32A100CB9D77 /* PBXTargetDependency */,
			);
			name = swift_modal_segue_basicTests;
			productName = swift_modal_segue_basicTests;
			productReference = FD46590B1A2E32A100CB9D77 /* swift_modal_segue_basicTests.xctest */;
			productType = "com.apple.product-type.bundle.unit-test";
		};
/* End PBXNativeTarget section */

/* Begin PBXProject section */
		FD4658EE1A2E32A100CB9D77 /* Project object */ = {
			isa = PBXProject;
			attributes = {
				LastUpgradeCheck = 0610;
				ORGANIZATIONNAME = "Takuya Aso";
				TargetAttributes = {
					FD4658F51A2E32A100CB9D77 = {
						CreatedOnToolsVersion = 6.1.1;
					};
					FD46590A1A2E32A100CB9D77 = {
						CreatedOnToolsVersion = 6.1.1;
						TestTargetID = FD4658F51A2E32A100CB9D77;
					};
				};
			};
			buildConfigurationList = FD4658F11A2E32A100CB9D77 /* Build configuration list for PBXProject "swift_modal_segue_basic" */;
			compatibilityVersion = "Xcode 3.2";
			developmentRegion = English;
			hasScannedForEncodings = 0;
			knownRegions = (
				en,
				Base,
			);
			mainGroup = FD4658ED1A2E32A100CB9D77;
			productRefGroup = FD4658F71A2E32A100CB9D77 /* Products */;
			projectDirPath = "";
			projectRoot = "";
			targets = (
				FD4658F51A2E32A100CB9D77 /* swift_modal_segue_basic */,
				FD46590A1A2E32A100CB9D77 /* swift_modal_segue_basicTests */,
			);
		};
/* End PBXProject section */

/* Begin PBXResourcesBuildPhase section */
		FD4658F41A2E32A100CB9D77 /* Resources */ = {
			isa = PBXResourcesBuildPhase;
			buildActionMask = 2147483647;
			files = (
				FD4659011A2E32A100CB9D77 /* Main.storyboard in Resources */,
				FD4659061A2E32A100CB9D77 /* LaunchScreen.xib in Resources */,
				FD4659031A2E32A100CB9D77 /* Images.xcassets in Resources */,
			);
			runOnlyForDeploymentPostprocessing = 0;
		};
		FD4659091A2E32A100CB9D77 /* Resources */ = {
			isa = PBXResourcesBuildPhase;
			buildActionMask = 2147483647;
			files = (
			);
			runOnlyForDeploymentPostprocessing = 0;
		};
/* End PBXResourcesBuildPhase section */

/* Begin PBXSourcesBuildPhase section */
		FD4658F21A2E32A100CB9D77 /* Sources */ = {
			isa = PBXSourcesBuildPhase;
			buildActionMask = 2147483647;
			files = (
				FD46591C1A2E392900CB9D77 /* SegueViewController.swift in Sources */,
				FD4658FE1A2E32A100CB9D77 /* ViewController.swift in Sources */,
				FD4658FC1A2E32A100CB9D77 /* AppDelegate.swift in Sources */,
			);
			runOnlyForDeploymentPostprocessing = 0;
		};
		FD4659071A2E32A100CB9D77 /* Sources */ = {
			isa = PBXSourcesBuildPhase;
			buildActionMask = 2147483647;
			files = (
				FD4659121A2E32A100CB9D77 /* swift_modal_segue_basicTests.swift in Sources */,
			);
			runOnlyForDeploymentPostprocessing = 0;
		};
/* End PBXSourcesBuildPhase section */

/* Begin PBXTargetDependency section */
		FD46590D1A2E32A100CB9D77 /* PBXTargetDependency */ = {
			isa = PBXTargetDependency;
			target = FD4658F51A2E32A100CB9D77 /* swift_modal_segue_basic */;
			targetProxy = FD46590C1A2E32A100CB9D77 /* PBXContainerItemProxy */;
		};
/* End PBXTargetDependency section */

/* Begin PBXVariantGroup section */
		FD4658FF1A2E32A100CB9D77 /* Main.storyboard */ = {
			isa = PBXVariantGroup;
			children = (
				FD4659001A2E32A100CB9D77 /* Base */,
			);
			name = Main.storyboard;
			sourceTree = "<group>";
		};
		FD4659041A2E32A100CB9D77 /* LaunchScreen.xib */ = {
			isa = PBXVariantGroup;
			children = (
				FD4659051A2E32A100CB9D77 /* Base */,
			);
			name = LaunchScreen.xib;
			sourceTree = "<group>";
		};
/* End PBXVariantGroup section */

/* Begin XCBuildConfiguration section */
		FD4659131A2E32A100CB9D77 /* Debug */ = {
			isa = XCBuildConfiguration;
			buildSettings = {
				ALWAYS_SEARCH_USER_PATHS = NO;
				CLANG_CXX_LANGUAGE_STANDARD = "gnu++0x";
				CLANG_CXX_LIBRARY = "libc++";
				CLANG_ENABLE_MODULES = YES;
				CLANG_ENABLE_OBJC_ARC = YES;
				CLANG_WARN_BOOL_CONVERSION = YES;
				CLANG_WARN_CONSTANT_CONVERSION = YES;
				CLANG_WARN_DIRECT_OBJC_ISA_USAGE = YES_ERROR;
				CLANG_WARN_EMPTY_BODY = YES;
				CLANG_WARN_ENUM_CONVERSION = YES;
				CLANG_WARN_INT_CONVERSION = YES;
				CLANG_WARN_OBJC_ROOT_CLASS = YES_ERROR;
				CLANG_WARN_UNREACHABLE_CODE = YES;
				CLANG_WARN__DUPLICATE_METHOD_MATCH = YES;
				"CODE_SIGN_IDENTITY[sdk=iphoneos*]" = "iPhone Developer";
				COPY_PHASE_STRIP = NO;
				ENABLE_STRICT_OBJC_MSGSEND = YES;
				GCC_C_LANGUAGE_STANDARD = gnu99;
				GCC_DYNAMIC_NO_PIC = NO;
				GCC_OPTIMIZATION_LEVEL = 0;
				GCC_PREPROCESSOR_DEFINITIONS = (
					"DEBUG=1",
					"$(inherited)",
				);
				GCC_SYMBOLS_PRIVATE_EXTERN = NO;
				GCC_WARN_64_TO_32_BIT_CONVERSION = YES;
				GCC_WARN_ABOUT_RETURN_TYPE = YES_ERROR;
				GCC_WARN_UNDECLARED_SELECTOR = YES;
				GCC_WARN_UNINITIALIZED_AUTOS = YES_AGGRESSIVE;
				GCC_WARN_UNUSED_FUNCTION = YES;
				GCC_WARN_UNUSED_VARIABLE = YES;
				IPHONEOS_DEPLOYMENT_TARGET = 7.0;
				MTL_ENABLE_DEBUG_INFO = YES;
				ONLY_ACTIVE_ARCH = YES;
				SDKROOT = iphoneos;
				SWIFT_OPTIMIZATION_LEVEL = "-Onone";
			};
			name = Debug;
		};
		FD4659141A2E32A100CB9D77 /* Release */ = {
			isa = XCBuildConfiguration;
			buildSettings = {
				ALWAYS_SEARCH_USER_PATHS = NO;
				CLANG_CXX_LANGUAGE_STANDARD = "gnu++0x";
				CLANG_CXX_LIBRARY = "libc++";
				CLANG_ENABLE_MODULES = YES;
				CLANG_ENABLE_OBJC_ARC = YES;
				CLANG_WARN_BOOL_CONVERSION = YES;
				CLANG_WARN_CONSTANT_CONVERSION = YES;
				CLANG_WARN_DIRECT_OBJC_ISA_USAGE = YES_ERROR;
				CLANG_WARN_EMPTY_BODY = YES;
				CLANG_WARN_ENUM_CONVERSION = YES;
				CLANG_WARN_INT_CONVERSION = YES;
				CLANG_WARN_OBJC_ROOT_CLASS = YES_ERROR;
				CLANG_WARN_UNREACHABLE_CODE = YES;
				CLANG_WARN__DUPLICATE_METHOD_MATCH = YES;
				"CODE_SIGN_IDENTITY[sdk=iphoneos*]" = "iPhone Developer";
				COPY_PHASE_STRIP = YES;
				ENABLE_NS_ASSERTIONS = NO;
				ENABLE_STRICT_OBJC_MSGSEND = YES;
				GCC_C_LANGUAGE_STANDARD = gnu99;
				GCC_WARN_64_TO_32_BIT_CONVERSION = YES;
				GCC_WARN_ABOUT_RETURN_TYPE = YES_ERROR;
				GCC_WARN_UNDECLARED_SELECTOR = YES;
				GCC_WARN_UNINITIALIZED_AUTOS = YES_AGGRESSIVE;
				GCC_WARN_UNUSED_FUNCTION = YES;
				GCC_WARN_UNUSED_VARIABLE = YES;
				IPHONEOS_DEPLOYMENT_TARGET = 7.0;
				MTL_ENABLE_DEBUG_INFO = NO;
				SDKROOT = iphoneos;
				VALIDATE_PRODUCT = YES;
			};
			name = Release;
		};
		FD4659161A2E32A100CB9D77 /* Debug */ = {
			isa = XCBuildConfiguration;
			buildSettings = {
				ASSETCATALOG_COMPILER_APPICON_NAME = AppIcon;
				INFOPLIST_FILE = swift_modal_segue_basic/Info.plist;
				LD_RUNPATH_SEARCH_PATHS = "$(inherited) @executable_path/Frameworks";
				PRODUCT_NAME = "$(TARGET_NAME)";
			};
			name = Debug;
		};
		FD4659171A2E32A100CB9D77 /* Release */ = {
			isa = XCBuildConfiguration;
			buildSettings = {
				ASSETCATALOG_COMPILER_APPICON_NAME = AppIcon;
				INFOPLIST_FILE = swift_modal_segue_basic/Info.plist;
				LD_RUNPATH_SEARCH_PATHS = "$(inherited) @executable_path/Frameworks";
				PRODUCT_NAME = "$(TARGET_NAME)";
			};
			name = Release;
		};
		FD4659191A2E32A100CB9D77 /* Debug */ = {
			isa = XCBuildConfiguration;
			buildSettings = {
				BUNDLE_LOADER = "$(TEST_HOST)";
				FRAMEWORK_SEARCH_PATHS = (
					"$(SDKROOT)/Developer/Library/Frameworks",
					"$(inherited)",
				);
				GCC_PREPROCESSOR_DEFINITIONS = (
					"DEBUG=1",
					"$(inherited)",
				);
				INFOPLIST_FILE = swift_modal_segue_basicTests/Info.plist;
				LD_RUNPATH_SEARCH_PATHS = "$(inherited) @executable_path/Frameworks @loader_path/Frameworks";
				PRODUCT_NAME = "$(TARGET_NAME)";
				TEST_HOST = "$(BUILT_PRODUCTS_DIR)/swift_modal_segue_basic.app/swift_modal_segue_basic";
			};
			name = Debug;
		};
		FD46591A1A2E32A100CB9D77 /* Release */ = {
			isa = XCBuildConfiguration;
			buildSettings = {
				BUNDLE_LOADER = "$(TEST_HOST)";
				FRAMEWORK_SEARCH_PATHS = (
					"$(SDKROOT)/Developer/Library/Frameworks",
					"$(inherited)",
				);
				INFOPLIST_FILE = swift_modal_segue_basicTests/Info.plist;
				LD_RUNPATH_SEARCH_PATHS = "$(inherited) @executable_path/Frameworks @loader_path/Frameworks";
				PRODUCT_NAME = "$(TARGET_NAME)";
				TEST_HOST = "$(BUILT_PRODUCTS_DIR)/swift_modal_segue_basic.app/swift_modal_segue_basic";
			};
			name = Release;
		};
/* End XCBuildConfiguration section */

/* Begin XCConfigurationList section */
		FD4658F11A2E32A100CB9D77 /* Build configuration list for PBXProject "swift_modal_segue_basic" */ = {
			isa = XCConfigurationList;
			buildConfigurations = (
				FD4659131A2E32A100CB9D77 /* Debug */,
				FD4659141A2E32A100CB9D77 /* Release */,
			);
			defaultConfigurationIsVisible = 0;
			defaultConfigurationName = Release;
		};
		FD4659151A2E32A100CB9D77 /* Build configuration list for PBXNativeTarget "swift_modal_segue_basic" */ = {
			isa = XCConfigurationList;
			buildConfigurations = (
				FD4659161A2E32A100CB9D77 /* Debug */,
				FD4659171A2E32A100CB9D77 /* Release */,
			);
			defaultConfigurationIsVisible = 0;
		};
		FD4659181A2E32A100CB9D77 /* Build configuration list for PBXNativeTarget "swift_modal_segue_basicTests" */ = {
			isa = XCConfigurationList;
			buildConfigurations = (
				FD4659191A2E32A100CB9D77 /* Debug */,
				FD46591A1A2E32A100CB9D77 /* Release */,
			);
			defaultConfigurationIsVisible = 0;
		};
/* End XCConfigurationList section */
	};
	rootObject = FD4658EE1A2E32A100CB9D77 /* Project object */;
}
